Microsoft Visual Studio Solution File, Format Version 12.00
# Visual Studio Version 16
VisualStudioVersion = 16.0.31613.86
MinimumVisualStudioVersion = 10.0.40219.1
Project("{FAE04EC0-301F-11D3-BF4B-00C04F79EFBC}") = "PagerDuty.ApiClient", "src\PagerDuty.ApiClient\PagerDuty.ApiClient.csproj", "{49BB560A-BEEF-4046-BF82-810974575EA4}"
EndProject
Project("{FAE04EC0-301F-11D3-BF4B-00C04F79EFBC}") = "PagerDuty.ApiClient.Test", "src\PagerDuty.ApiClient.Test\PagerDuty.ApiClient.Test.csproj", "{19F1DEBC-DE5E-4517-8062-F000CD499087}"
EndProject
Project("{FAE04EC0-301F-11D3-BF4B-00C04F79EFBC}") = "ClientCaller", "ClientCaller\ClientCaller.csproj", "{21C10456-8131-4F0C-B133-47553FEB9C8E}"
EndProject
Global
	GlobalSection(SolutionConfigurationPlatforms) = preSolution
		Debug|Any CPU = Debug|Any CPU
		Release|Any CPU = Release|Any CPU
	EndGlobalSection
	GlobalSection(ProjectConfigurationPlatforms) = postSolution
		{49BB560A-BEEF-4046-BF82-810974575EA4}.Debug|Any CPU.ActiveCfg = Debug|Any CPU
		{49BB560A-BEEF-4046-BF82-810974575EA4}.Debug|Any CPU.Build.0 = Debug|Any CPU
		{49BB560A-BEEF-4046-BF82-810974575EA4}.Release|Any CPU.ActiveCfg = Release|Any CPU
		{49BB560A-BEEF-4046-BF82-810974575EA4}.Release|Any CPU.Build.0 = Release|Any CPU
		{19F1DEBC-DE5E-4517-8062-F000CD499087}.Debug|Any CPU.ActiveCfg = Debug|Any CPU
		{19F1DEBC-DE5E-4517-8062-F000CD499087}.Debug|Any CPU.Build.0 = Debug|Any CPU
		{19F1DEBC-DE5E-4517-8062-F000CD499087}.Release|Any CPU.ActiveCfg = Release|Any CPU
		{19F1DEBC-DE5E-4517-8062-F000CD499087}.Release|Any CPU.Build.0 = Release|Any CPU
		{21C10456-8131-4F0C-B133-47553FEB9C8E}.Debug|Any CPU.ActiveCfg = Debug|Any CPU
		{21C10456-8131-4F0C-B133-47553FEB9C8E}.Debug|Any CPU.Build.0 = Debug|Any CPU
		{21C10456-8131-4F0C-B133-47553FEB9C8E}.Release|Any CPU.ActiveCfg = Release|Any CPU
		{21C10456-8131-4F0C-B133-47553FEB9C8E}.Release|Any CPU.Build.0 = Release|Any CPU
	EndGlobalSection
	GlobalSection(SolutionProperties) = preSolution
		HideSolutionNode = FALSE
	EndGlobalSection
	GlobalSection(ExtensibilityGlobals) = postSolution
		SolutionGuid = {1813768C-C207-4801-AD3F-4AFF88C9410A}
	EndGlobalSection
EndGlobal
